41.neocities.org/protobuf v1.6.9 h1:67AA6Q9Ug7p6+XWkwJFZc3Q96HF6tC+q31Rek1eiSUc=
41.neocities.org/protobuf v1.6.9/go.mod h1:rodstWMPJn6uy7G5afSR2GCz4v4Q8rBbiFn9hOd/k5o=
filippo.io/nistec v0.0.4 h1:F14ZHT5htWlMnQVPndX9ro9arf56cBhQxq4LnDI491s=
filippo.io/nistec v0.0.4/go.mod h1:PK/lw8I1gQT4hUML4QGaqljwdDaFcMyFKSXN7kjrtKI=
github.com/emmansun/gmsm v0.43.0 h1:uiT92B9Ge99oxK1qT+LEls2OqX7WinGGNzUGF1hIZ4A=
github.com/emmansun/gmsm v0.43.0/go.mod h1:FD1EQk4XcSMkahZFzNwFoI/uXzAlODB9JVsJ9G5N7Do=
golang.org/x/sys v0.46.0 h1:noSf2Fq6F8DBgS+LysIkx7rIExoNHJsxOAtPp4rthXw=
golang.org/x/sys v0.46.0/go.mod h1:4GL1E5IUh+htKOUEOaiffhrAeqysfVGipDYzABqnCmw=
